
Microsoft Visual Studio Solution File, Format Version 12.00
# Visual Studio 15
VisualStudioVersion = 15.0.28010.2016
MinimumVisualStudioVersion = 10.0.40219.1
Project("{FAE04EC0-301F-11D3-BF4B-00C04F79EFBC}") = "LoopTask4-2", "LoopTask4-2\LoopTask4-2.csproj", "{198FE914-9B84-422C-BD56-FD9AC6FEF992}"
EndProject
Global
	GlobalSection(SolutionConfigurationPlatforms) = preSolution
		Debug|Any CPU = Debug|Any CPU
		Release|Any CPU = Release|Any CPU
	EndGlobalSection
	GlobalSection(ProjectConfigurationPlatforms) = postSolution
		{198FE914-9B84-422C-BD56-FD9AC6FEF992}.Debug|Any CPU.ActiveCfg = Debug|Any CPU
		{198FE914-9B84-422C-BD56-FD9AC6FEF992}.Debug|Any CPU.Build.0 = Debug|Any CPU
		{198FE914-9B84-422C-BD56-FD9AC6FEF992}.Release|Any CPU.ActiveCfg = Release|Any CPU
		{198FE914-9B84-422C-BD56-FD9AC6FEF992}.Release|Any CPU.Build.0 = Release|Any CPU
	EndGlobalSection
	GlobalSection(SolutionProperties) = preSolution
		HideSolutionNode = FALSE
	EndGlobalSection
	GlobalSection(ExtensibilityGlobals) = postSolution
		SolutionGuid = {F4A54699-D9D1-4433-9926-DA99F5ED3266}
	EndGlobalSection
EndGlobal
