
Microsoft Visual Studio Solution File, Format Version 12.00
# Visual Studio 15
VisualStudioVersion = 15.0.28307.271
MinimumVisualStudioVersion = 10.0.40219.1
Project("{FAE04EC0-301F-11D3-BF4B-00C04F79EFBC}") = "array-task3.1", "array-task3.1\array-task3.1.csproj", "{DDAA7D99-1BC4-4835-9D52-8133A10E7CF8}"
EndProject
Global
	GlobalSection(SolutionConfigurationPlatforms) = preSolution
		Debug|Any CPU = Debug|Any CPU
		Release|Any CPU = Release|Any CPU
	EndGlobalSection
	GlobalSection(ProjectConfigurationPlatforms) = postSolution
		{DDAA7D99-1BC4-4835-9D52-8133A10E7CF8}.Debug|Any CPU.ActiveCfg = Debug|Any CPU
		{DDAA7D99-1BC4-4835-9D52-8133A10E7CF8}.Debug|Any CPU.Build.0 = Debug|Any CPU
		{DDAA7D99-1BC4-4835-9D52-8133A10E7CF8}.Release|Any CPU.ActiveCfg = Release|Any CPU
		{DDAA7D99-1BC4-4835-9D52-8133A10E7CF8}.Release|Any CPU.Build.0 = Release|Any CPU
	EndGlobalSection
	GlobalSection(SolutionProperties) = preSolution
		HideSolutionNode = FALSE
	EndGlobalSection
	GlobalSection(ExtensibilityGlobals) = postSolution
		SolutionGuid = {D1886700-6B34-4D5D-9927-7A03D0E5F6BB}
	EndGlobalSection
EndGlobal
